<?xml version="1.0" encoding="UTF-8"?>
<Scheme
   LastUpgradeVersion = "1430"
   version = "1.7">
   <BuildAction
      parallelizeBuildables = "YES"
      buildImplicitDependencies = "YES"
      runPostActionsOnFailure = "NO">
      <BuildActionEntries>
         <BuildActionEntry
            buildForTesting = "YES"
            buildForRunning = "YES"
            buildForProfiling = "YES"
            buildForArchiving = "YES"
            buildForAnalyzing = "YES">
            <BuildableReference
               BuildableIdentifier = "primary"
               BlueprintIdentifier = "6E903985EFEC0F724E79D572"
               BuildableName = "Planini.app"
               BlueprintName = "Planini"
               ReferencedContainer = "container:PlaniniApp.xcodeproj">
            </BuildableReference>
         </BuildActionEntry>
         <BuildActionEntry
            buildForTesting = "YES"
            buildForRunning = "YES"
            buildForProfiling = "YES"
            buildForArchiving = "YES"
            buildForAnalyzing = "YES">
            <BuildableReference
               BuildableIdentifier = "primary"
               BlueprintIdentifier = "7A3ABE956F63693B9585D08D"
               BuildableName = "PlaniniWatchApp.app"
               BlueprintName = "PlaniniWatchApp"
               ReferencedContainer = "container:PlaniniApp.xcodeproj">
            </BuildableReference>
         </BuildActionEntry>
         <BuildActionEntry
            buildForTesting = "YES"
            buildForRunning = "YES"
            buildForProfiling = "YES"
            buildForArchiving = "YES"
            buildForAnalyzing = "YES">
            <BuildableReference
               BuildableIdentifier = "primary"
               BlueprintIdentifier = "DEBF93F3E0CDE651B6065A38"
               BuildableName = "PlaniniWatchExtension.appex"
               BlueprintName = "PlaniniWatchExtension"
               ReferencedContainer = "container:PlaniniApp.xcodeproj">
            </BuildableReference>
         </BuildActionEntry>
         <BuildActionEntry
            buildForTesting = "YES"
            buildForRunning = "YES"
            buildForProfiling = "YES"
            buildForArchiving = "YES"
            buildForAnalyzing = "YES">
            <BuildableReference
               BuildableIdentifier = "primary"
               BlueprintIdentifier = "3180F3469A0A460B5E6E607B"
               BuildableName = "PlaniniWatchWidgetExtension.appex"
               BlueprintName = "PlaniniWatchWidgetExtension"
               ReferencedContainer = "container:PlaniniApp.xcodeproj">
            </BuildableReference>
         </BuildActionEntry>
      </BuildActionEntries>
   </BuildAction>
   <TestAction
      buildConfiguration = "Debug"
      selectedDebuggerIdentifier = "Xcode.DebuggerFoundation.Debugger.LLDB"
      selectedLauncherIdentifier = "Xcode.DebuggerFoundation.Launcher.LLDB"
      shouldUseLaunchSchemeArgsEnv = "NO"
      onlyGenerateCoverageForSpecifiedTargets = "NO">
      <MacroExpansion>
         <BuildableReference
            BuildableIdentifier = "primary"
            BlueprintIdentifier = "6E903985EFEC0F724E79D572"
            BuildableName = "Planini.app"
            BlueprintName = "Planini"
            ReferencedContainer = "container:PlaniniApp.xcodeproj">
         </BuildableReference>
      </MacroExpansion>
      <Testables>
         <TestableReference
            skipped = "NO"
            parallelizable = "NO">
            <BuildableReference
               BuildableIdentifier = "primary"
               BlueprintIdentifier = "2DDAD55DE417376D7015B238"
               BuildableName = "PlaniniUITests.xctest"
               BlueprintName = "PlaniniUITests"
               ReferencedContainer = "container:PlaniniApp.xcodeproj">
            </BuildableReference>
         </TestableReference>
      </Testables>
      <CommandLineArguments>
      </CommandLineArguments>
      <EnvironmentVariables>
         <EnvironmentVariable
            key = "PLANINI_UI_TEST_ACCESS_TOKEN"
            value = "$(PLANINI_UI_TEST_ACCESS_TOKEN)"
            isEnabled = "YES">
         </EnvironmentVariable>
         <EnvironmentVariable
            key = "PLANINI_UI_TEST_ARTIFACT_DIR"
            value = "$(PLANINI_UI_TEST_ARTIFACT_DIR)"
            isEnabled = "YES">
         </EnvironmentVariable>
         <EnvironmentVariable
            key = "PLANINI_UI_TEST_BASE_URL"
            value = "$(PLANINI_UI_TEST_BASE_URL)"
            isEnabled = "YES">
         </EnvironmentVariable>
         <EnvironmentVariable
            key = "PLANINI_UI_TEST_BOOTSTRAP_BASE_URL"
            value = "$(PLANINI_UI_TEST_BOOTSTRAP_BASE_URL)"
            isEnabled = "YES">
         </EnvironmentVariable>
         <EnvironmentVariable
            key = "PLANINI_UI_TEST_DISPLAY_NAME"
            value = "$(PLANINI_UI_TEST_DISPLAY_NAME)"
            isEnabled = "YES">
         </EnvironmentVariable>
         <EnvironmentVariable
            key = "PLANINI_UI_TEST_INITIAL_LIST_NAME"
            value = "$(PLANINI_UI_TEST_INITIAL_LIST_NAME)"
            isEnabled = "YES">
         </EnvironmentVariable>
         <EnvironmentVariable
            key = "PLANINI_UI_TEST_USER_EMAIL"
            value = "$(PLANINI_UI_TEST_USER_EMAIL)"
            isEnabled = "YES">
         </EnvironmentVariable>
      </EnvironmentVariables>
   </TestAction>
   <LaunchAction
      buildConfiguration = "Debug"
      selectedDebuggerIdentifier = "Xcode.DebuggerFoundation.Debugger.LLDB"
      selectedLauncherIdentifier = "Xcode.DebuggerFoundation.Launcher.LLDB"
      launchStyle = "0"
      useCustomWorkingDirectory = "NO"
      ignoresPersistentStateOnLaunch = "NO"
      debugDocumentVersioning = "YES"
      debugServiceExtension = "internal"
      allowLocationSimulation = "YES">
      <BuildableProductRunnable
         runnableDebuggingMode = "0">
         <BuildableReference
            BuildableIdentifier = "primary"
            BlueprintIdentifier = "6E903985EFEC0F724E79D572"
            BuildableName = "Planini.app"
            BlueprintName = "Planini"
            ReferencedContainer = "container:PlaniniApp.xcodeproj">
         </BuildableReference>
      </BuildableProductRunnable>
   </LaunchAction>
   <ProfileAction
      buildConfiguration = "Release"
      shouldUseLaunchSchemeArgsEnv = "YES"
      savedToolIdentifier = ""
      useCustomWorkingDirectory = "NO"
      debugDocumentVersioning = "YES">
      <BuildableProductRunnable
         runnableDebuggingMode = "0">
         <BuildableReference
            BuildableIdentifier = "primary"
            BlueprintIdentifier = "6E903985EFEC0F724E79D572"
            BuildableName = "Planini.app"
            BlueprintName = "Planini"
            ReferencedContainer = "container:PlaniniApp.xcodeproj">
         </BuildableReference>
      </BuildableProductRunnable>
   </ProfileAction>
   <AnalyzeAction
      buildConfiguration = "Debug">
   </AnalyzeAction>
   <ArchiveAction
      buildConfiguration = "Release"
      revealArchiveInOrganizer = "YES">
   </ArchiveAction>
</Scheme>
