// !$*UTF8*$!
{
	archiveVersion = 1;
	classes = {
	};
	objectVersion = 77;
	objects = {

/* Begin PBXBuildFile section */
		142B222D9AF4456A414702B8 /* WatchRootView.swift in Sources */ = {isa = PBXBuildFile; fileRef = 7DD17D440ED10778295E1855 /* WatchRootView.swift */; };
		1762001ECBF396E6038B3335 /* de.json in Resources */ = {isa = PBXBuildFile; fileRef = 0B9F178CF03EA47741BB75CC /* de.json */; };
		1EE4C0BA89B1304ABB8EF270 /* AppGroupSupport.swift in Sources */ = {isa = PBXBuildFile; fileRef = 60FA6FAB5BF0777FEBF85FFD /* AppGroupSupport.swift */; };
		22ABDECD56E908533F61F12B /* PlaniniUITests.swift in Sources */ = {isa = PBXBuildFile; fileRef = 6BC0DDEFF1265803A638BC83 /* PlaniniUITests.swift */; };
		250FF99C2969A78D7407C4FE /* PlaniniWatchWidgetExtension.appex in Embed Foundation Extensions */ = {isa = PBXBuildFile; fileRef = C49069FE00F2CBEEBA975C11 /* PlaniniWatchWidgetExtension.appex */; settings = {ATTRIBUTES = (RemoveHeadersOnCopy, ); }; };
		291ACD3C50DB72E04C89694B /* WatchBackendClient.swift in Sources */ = {isa = PBXBuildFile; fileRef = CE6AB6DEC64D1F5BD03FCCF1 /* WatchBackendClient.swift */; };
		2AA655CFC7545A958443A348 /* AppGroupSupport.swift in Sources */ = {isa = PBXBuildFile; fileRef = 60FA6FAB5BF0777FEBF85FFD /* AppGroupSupport.swift */; };
		30C2D2674B145101CF523E82 /* PlaniniWatchExtension.appex in Embed Foundation Extensions */ = {isa = PBXBuildFile; fileRef = CA8DB980F61CE9F26FAD8E21 /* PlaniniWatchExtension.appex */; settings = {ATTRIBUTES = (RemoveHeadersOnCopy, ); }; };
		495188AEDCE06D4F6912A537 /* AppIcon.icon in Resources */ = {isa = PBXBuildFile; fileRef = 835F29EE45FA1D48D4CAACD4 /* AppIcon.icon */; };
		4E1F9A68D9324BA591514A9C /* PlaniniWatchWidget.swift in Sources */ = {isa = PBXBuildFile; fileRef = E1FEC963E9A630C6DAF6BF6E /* PlaniniWatchWidget.swift */; };
		577D3C1135BA6D7407B8A0AA /* PlaniniWatchApp.app in Embed Watch Content */ = {isa = PBXBuildFile; fileRef = 37808C13EE8980C6D7EB5E3F /* PlaniniWatchApp.app */; settings = {ATTRIBUTES = (RemoveHeadersOnCopy, ); }; };
		5D844E1AC4837B05434646D1 /* WatchAppViewModel.swift in Sources */ = {isa = PBXBuildFile; fileRef = A6C9901FC6B3FC621A6B229A /* WatchAppViewModel.swift */; };
		5E09D5479AB378CFC658DF40 /* AppLocalization.swift in Sources */ = {isa = PBXBuildFile; fileRef = 9DEEA95181710CC9F8714BAF /* AppLocalization.swift */; };
		794A4049619ECF3AD11F3EF3 /* AppShortcuts.strings in Resources */ = {isa = PBXBuildFile; fileRef = 9512EB31655E3ABDF90E0715 /* AppShortcuts.strings */; };
		85437EE99A15ADA6C78CBFED /* Localizable.strings in Resources */ = {isa = PBXBuildFile; fileRef = 17D969652DA1487FA75B16E8 /* Localizable.strings */; };
		88E8657361C1AB37B5714935 /* Localizable.strings in Resources */ = {isa = PBXBuildFile; fileRef = 17D969652DA1487FA75B16E8 /* Localizable.strings */; };
		8DCFC53928E38080B5E5BD87 /* Assets.xcassets in Resources */ = {isa = PBXBuildFile; fileRef = 560BCFBB3415FB0A326907AA /* Assets.xcassets */; };
		91F9EBCE9439F40E96C581E7 /* PlaniniCore in Frameworks */ = {isa = PBXBuildFile; productRef = 08CDF818F45A22289EF0AD81 /* PlaniniCore */; };
		92C2FE7F0F7558D9F5827AEF /* en.json in Resources */ = {isa = PBXBuildFile; fileRef = 5F163107B1A440953DF748B8 /* en.json */; };
		A1FA5501E23CE80CE82DA8E9 /* PlaniniWatchApp.swift in Sources */ = {isa = PBXBuildFile; fileRef = 1F02701FC01526A4FEE42211 /* PlaniniWatchApp.swift */; };
		A4E6FD246C4225C71AEC2BB5 /* WatchBackendClient.swift in Sources */ = {isa = PBXBuildFile; fileRef = CE6AB6DEC64D1F5BD03FCCF1 /* WatchBackendClient.swift */; };
		A779CDB8931E1EA01F2246CA /* Assets.xcassets in Resources */ = {isa = PBXBuildFile; fileRef = 560BCFBB3415FB0A326907AA /* Assets.xcassets */; };
		AC437810451B5D89D3EAF270 /* PlaniniApp.swift in Sources */ = {isa = PBXBuildFile; fileRef = 2403081BBCE4A9CDD0BB942C /* PlaniniApp.swift */; };
		AC5D4AD62F388A35CB4ACC27 /* MobileAppViewModel.swift in Sources */ = {isa = PBXBuildFile; fileRef = 53D8F0E8983062553D42950A /* MobileAppViewModel.swift */; };
		AF4FF1CC688E882E6C9A324F /* WatchSyncCoordinator.swift in Sources */ = {isa = PBXBuildFile; fileRef = 42F32AEF35DE46D54986B691 /* WatchSyncCoordinator.swift */; };
		B9178840709BB2B133A77811 /* WatchConnectivityBridge.swift in Sources */ = {isa = PBXBuildFile; fileRef = 433DDB21F328F1A21559B5CF /* WatchConnectivityBridge.swift */; };
		BCF7B2579B0B14F507B32FA0 /* PlaniniCore in Frameworks */ = {isa = PBXBuildFile; productRef = 0ADBEB713CEB7C21A34B8EC0 /* PlaniniCore */; };
		CAD0D61C08D5E9E772F22CE9 /* AppearanceSettings.swift in Sources */ = {isa = PBXBuildFile; fileRef = 4978A019F11BDE53315B6469 /* AppearanceSettings.swift */; };
		CFC80BB6E33B0D9C72BA73C5 /* RootView.swift in Sources */ = {isa = PBXBuildFile; fileRef = 5BCE483AB7F4F77593152B5D /* RootView.swift */; };
		D5800F3309DEA622AA24ADC4 /* ApplePasskeyClient.swift in Sources */ = {isa = PBXBuildFile; fileRef = 7D9440F383C21A058EA39C13 /* ApplePasskeyClient.swift */; };
		DCB27E8D3E2198AB4B77B761 /* PlaniniCore in Frameworks */ = {isa = PBXBuildFile; productRef = 22433296D233CD7AD37572E7 /* PlaniniCore */; };
		E5C536B66A3D79943044C922 /* PlaniniAppIntents.swift in Sources */ = {isa = PBXBuildFile; fileRef = 76C6A4A1B26659AAC9C30B23 /* PlaniniAppIntents.swift */; };
		E7125FFF5A789C74DCBFFDE6 /* AppIcon.icon in Resources */ = {isa = PBXBuildFile; fileRef = 835F29EE45FA1D48D4CAACD4 /* AppIcon.icon */; };
		F3A245BA428BCA7DD2FECEEF /* BuildConfiguration.generated.swift in Sources */ = {isa = PBXBuildFile; fileRef = 20B83DD3FDFA519C2128AC67 /* BuildConfiguration.generated.swift */; };
/* End PBXBuildFile section */

/* Begin PBXContainerItemProxy section */
		5C42F0D9C2EC5F4BB2CE1F1E /* PBXContainerItemProxy */ = {
			isa = PBXContainerItemProxy;
			containerPortal = 9FF9DF6FAFBBE02FA76603CF /* Project object */;
			proxyType = 1;
			remoteGlobalIDString = 3180F3469A0A460B5E6E607B;
			remoteInfo = PlaniniWatchWidgetExtension;
		};
		641CBB70FC5504315C0C70FC /* PBXContainerItemProxy */ = {
			isa = PBXContainerItemProxy;
			containerPortal = 9FF9DF6FAFBBE02FA76603CF /* Project object */;
			proxyType = 1;
			remoteGlobalIDString = DEBF93F3E0CDE651B6065A38;
			remoteInfo = PlaniniWatchExtension;
		};
		6DD656E39CCAF70201514095 /* PBXContainerItemProxy */ = {
			isa = PBXContainerItemProxy;
			containerPortal = 9FF9DF6FAFBBE02FA76603CF /* Project object */;
			proxyType = 1;
			remoteGlobalIDString = 6E903985EFEC0F724E79D572;
			remoteInfo = Planini;
		};
		DDE0FEF1CBEC44411C925E9A /* PBXContainerItemProxy */ = {
			isa = PBXContainerItemProxy;
			containerPortal = 9FF9DF6FAFBBE02FA76603CF /* Project object */;
			proxyType = 1;
			remoteGlobalIDString = 7A3ABE956F63693B9585D08D;
			remoteInfo = PlaniniWatchApp;
		};
/* End PBXContainerItemProxy section */

/* Begin PBXCopyFilesBuildPhase section */
		70D52D9AD9D8ACBC84054593 /* Embed Foundation Extensions */ = {
			isa = PBXCopyFilesBuildPhase;
			buildActionMask = 2147483647;
			dstPath = "";
			dstSubfolderSpec = 13;
			files = (
				30C2D2674B145101CF523E82 /* PlaniniWatchExtension.appex in Embed Foundation Extensions */,
				250FF99C2969A78D7407C4FE /* PlaniniWatchWidgetExtension.appex in Embed Foundation Extensions */,
			);
			name = "Embed Foundation Extensions";
			runOnlyForDeploymentPostprocessing = 0;
		};
		F5524C92F7A58D8F6A49FFBC /* Embed Watch Content */ = {
			isa = PBXCopyFilesBuildPhase;
			buildActionMask = 2147483647;
			dstPath = "$(CONTENTS_FOLDER_PATH)/Watch";
			dstSubfolderSpec = 16;
			files = (
				577D3C1135BA6D7407B8A0AA /* PlaniniWatchApp.app in Embed Watch Content */,
			);
			name = "Embed Watch Content";
			runOnlyForDeploymentPostprocessing = 0;
		};
/* End PBXCopyFilesBuildPhase section */

/* Begin PBXFileReference section */
		0B9F178CF03EA47741BB75CC /* de.json */ = {isa = PBXFileReference; lastKnownFileType = text.json; path = de.json; sourceTree = "<group>"; };
		1F02701FC01526A4FEE42211 /* PlaniniWatchApp.swift */ = {isa = PBXFileReference; lastKnownFileType = sourcecode.swift; path = PlaniniWatchApp.swift; sourceTree = "<group>"; };
		20B83DD3FDFA519C2128AC67 /* BuildConfiguration.generated.swift */ = {isa = PBXFileReference; lastKnownFileType = sourcecode.swift; path = BuildConfiguration.generated.swift; sourceTree = "<group>"; };
		2403081BBCE4A9CDD0BB942C /* PlaniniApp.swift */ = {isa = PBXFileReference; lastKnownFileType = sourcecode.swift; path = PlaniniApp.swift; sourceTree = "<group>"; };
		2644EEF483834EDF9B04BFF3 /* PlaniniUITests.xctest */ = {isa = PBXFileReference; includeInIndex = 0; lastKnownFileType = wrapper.cfbundle; path = PlaniniUITests.xctest; sourceTree = BUILT_PRODUCTS_DIR; };
		37808C13EE8980C6D7EB5E3F /* PlaniniWatchApp.app */ = {isa = PBXFileReference; explicitFileType = wrapper.application; includeInIndex = 0; path = PlaniniWatchApp.app; sourceTree = BUILT_PRODUCTS_DIR; };
		3EDD8BF59675073E03E96FCC /* de */ = {isa = PBXFileReference; lastKnownFileType = text.plist.strings; name = de; path = de.lproj/AppShortcuts.strings; sourceTree = "<group>"; };
		42F32AEF35DE46D54986B691 /* WatchSyncCoordinator.swift */ = {isa = PBXFileReference; lastKnownFileType = sourcecode.swift; path = WatchSyncCoordinator.swift; sourceTree = "<group>"; };
		433DDB21F328F1A21559B5CF /* WatchConnectivityBridge.swift */ = {isa = PBXFileReference; lastKnownFileType = sourcecode.swift; path = WatchConnectivityBridge.swift; sourceTree = "<group>"; };
		4978A019F11BDE53315B6469 /* AppearanceSettings.swift */ = {isa = PBXFileReference; lastKnownFileType = sourcecode.swift; path = AppearanceSettings.swift; sourceTree = "<group>"; };
		53D8F0E8983062553D42950A /* MobileAppViewModel.swift */ = {isa = PBXFileReference; lastKnownFileType = sourcecode.swift; path = MobileAppViewModel.swift; sourceTree = "<group>"; };
		560BCFBB3415FB0A326907AA /* Assets.xcassets */ = {isa = PBXFileReference; lastKnownFileType = folder.assetcatalog; path = Assets.xcassets; sourceTree = "<group>"; };
		5BCE483AB7F4F77593152B5D /* RootView.swift */ = {isa = PBXFileReference; lastKnownFileType = sourcecode.swift; path = RootView.swift; sourceTree = "<group>"; };
		5F163107B1A440953DF748B8 /* en.json */ = {isa = PBXFileReference; lastKnownFileType = text.json; path = en.json; sourceTree = "<group>"; };
		60FA6FAB5BF0777FEBF85FFD /* AppGroupSupport.swift */ = {isa = PBXFileReference; lastKnownFileType = sourcecode.swift; path = AppGroupSupport.swift; sourceTree = "<group>"; };
		6BC0DDEFF1265803A638BC83 /* PlaniniUITests.swift */ = {isa = PBXFileReference; lastKnownFileType = sourcecode.swift; path = PlaniniUITests.swift; sourceTree = "<group>"; };
		76C6A4A1B26659AAC9C30B23 /* PlaniniAppIntents.swift */ = {isa = PBXFileReference; lastKnownFileType = sourcecode.swift; path = PlaniniAppIntents.swift; sourceTree = "<group>"; };
		7D9440F383C21A058EA39C13 /* ApplePasskeyClient.swift */ = {isa = PBXFileReference; lastKnownFileType = sourcecode.swift; path = ApplePasskeyClient.swift; sourceTree = "<group>"; };
		7DD17D440ED10778295E1855 /* WatchRootView.swift */ = {isa = PBXFileReference; lastKnownFileType = sourcecode.swift; path = WatchRootView.swift; sourceTree = "<group>"; };
		835F29EE45FA1D48D4CAACD4 /* AppIcon.icon */ = {isa = PBXFileReference; lastKnownFileType = wrapper.icon; path = AppIcon.icon; sourceTree = "<group>"; };
		905E5C36A0321D88D618675F /* Planini.app */ = {isa = PBXFileReference; includeInIndex = 0; lastKnownFileType = wrapper.application; path = Planini.app; sourceTree = BUILT_PRODUCTS_DIR; };
		92C2FF42500720B8603C5958 /* en */ = {isa = PBXFileReference; lastKnownFileType = text.plist.strings; name = en; path = en.lproj/AppShortcuts.strings; sourceTree = "<group>"; };
		95ECE248E237E840CC324098 /* en */ = {isa = PBXFileReference; lastKnownFileType = text.plist.strings; name = en; path = en.lproj/Localizable.strings; sourceTree = "<group>"; };
		976E7E216506A44F10DDD3A5 /* Planini.entitlements */ = {isa = PBXFileReference; lastKnownFileType = text.plist.entitlements; path = Planini.entitlements; sourceTree = "<group>"; };
		9DEEA95181710CC9F8714BAF /* AppLocalization.swift */ = {isa = PBXFileReference; lastKnownFileType = sourcecode.swift; path = AppLocalization.swift; sourceTree = "<group>"; };
		A6C9901FC6B3FC621A6B229A /* WatchAppViewModel.swift */ = {isa = PBXFileReference; lastKnownFileType = sourcecode.swift; path = WatchAppViewModel.swift; sourceTree = "<group>"; };
		B398FAB562EB897F7FED2897 /* PlaniniIOS */ = {isa = PBXFileReference; lastKnownFileType = folder; name = PlaniniIOS; path = .; sourceTree = SOURCE_ROOT; };
		C49069FE00F2CBEEBA975C11 /* PlaniniWatchWidgetExtension.appex */ = {isa = PBXFileReference; explicitFileType = "wrapper.app-extension"; includeInIndex = 0; path = PlaniniWatchWidgetExtension.appex; sourceTree = BUILT_PRODUCTS_DIR; };
		CA8DB980F61CE9F26FAD8E21 /* PlaniniWatchExtension.appex */ = {isa = PBXFileReference; explicitFileType = "wrapper.app-extension"; includeInIndex = 0; path = PlaniniWatchExtension.appex; sourceTree = BUILT_PRODUCTS_DIR; };
		CE6AB6DEC64D1F5BD03FCCF1 /* WatchBackendClient.swift */ = {isa = PBXFileReference; lastKnownFileType = sourcecode.swift; path = WatchBackendClient.swift; sourceTree = "<group>"; };
		E1FEC963E9A630C6DAF6BF6E /* PlaniniWatchWidget.swift */ = {isa = PBXFileReference; lastKnownFileType = sourcecode.swift; path = PlaniniWatchWidget.swift; sourceTree = "<group>"; };
		E2A3999D044DFBCC8032549E /* de */ = {isa = PBXFileReference; lastKnownFileType = text.plist.strings; name = de; path = de.lproj/Localizable.strings; sourceTree = "<group>"; };
		EC0D0DADD9B0BB3D0465CB25 /* PlaniniWatch.entitlements */ = {isa = PBXFileReference; lastKnownFileType = text.plist.entitlements; path = PlaniniWatch.entitlements; sourceTree = "<group>"; };
/* End PBXFileReference section */

/* Begin PBXFrameworksBuildPhase section */
		059AB0C3C9EE2A33700BC885 /* Frameworks */ = {
			isa = PBXFrameworksBuildPhase;
			buildActionMask = 2147483647;
			files = (
				DCB27E8D3E2198AB4B77B761 /* PlaniniCore in Frameworks */,
			);
			runOnlyForDeploymentPostprocessing = 0;
		};
		22FAA75A8CE0AEC19E343F45 /* Frameworks */ = {
			isa = PBXFrameworksBuildPhase;
			buildActionMask = 2147483647;
			files = (
				BCF7B2579B0B14F507B32FA0 /* PlaniniCore in Frameworks */,
			);
			runOnlyForDeploymentPostprocessing = 0;
		};
		E42B7C3AD47C8451A0F37E57 /* Frameworks */ = {
			isa = PBXFrameworksBuildPhase;
			buildActionMask = 2147483647;
			files = (
				91F9EBCE9439F40E96C581E7 /* PlaniniCore in Frameworks */,
			);
			runOnlyForDeploymentPostprocessing = 0;
		};
/* End PBXFrameworksBuildPhase section */

/* Begin PBXGroup section */
		1C295BA6153E8118F4DBC216 /* Products */ = {
			isa = PBXGroup;
			children = (
				905E5C36A0321D88D618675F /* Planini.app */,
				2644EEF483834EDF9B04BFF3 /* PlaniniUITests.xctest */,
				37808C13EE8980C6D7EB5E3F /* PlaniniWatchApp.app */,
				CA8DB980F61CE9F26FAD8E21 /* PlaniniWatchExtension.appex */,
				C49069FE00F2CBEEBA975C11 /* PlaniniWatchWidgetExtension.appex */,
			);
			name = Products;
			sourceTree = "<group>";
		};
		4DC0782A5EB7AE07ABE1E221 /* Packages */ = {
			isa = PBXGroup;
			children = (
				B398FAB562EB897F7FED2897 /* PlaniniIOS */,
			);
			name = Packages;
			sourceTree = "<group>";
		};
		50A4E55A2074DE676B6FD0A2 /* WatchApp */ = {
			isa = PBXGroup;
			children = (
				EC0D0DADD9B0BB3D0465CB25 /* PlaniniWatch.entitlements */,
				1F02701FC01526A4FEE42211 /* PlaniniWatchApp.swift */,
				A6C9901FC6B3FC621A6B229A /* WatchAppViewModel.swift */,
				433DDB21F328F1A21559B5CF /* WatchConnectivityBridge.swift */,
				7DD17D440ED10778295E1855 /* WatchRootView.swift */,
				17D969652DA1487FA75B16E8 /* Localizable.strings */,
			);
			path = WatchApp;
			sourceTree = "<group>";
		};
		593F26CA0AF54B489ECA2029 /* locales */ = {
			isa = PBXGroup;
			children = (
				0B9F178CF03EA47741BB75CC /* de.json */,
				5F163107B1A440953DF748B8 /* en.json */,
			);
			name = locales;
			path = ../../app/locales;
			sourceTree = "<group>";
		};
		7D5A7F0DE7ED9CD9B8A2C944 = {
			isa = PBXGroup;
			children = (
				835F29EE45FA1D48D4CAACD4 /* AppIcon.icon */,
				560BCFBB3415FB0A326907AA /* Assets.xcassets */,
				B4A4AD180EDFC2830FEA7FF0 /* App */,
				B14EBD32319BFA7AE0B79242 /* AppShortcutsLocalization */,
				593F26CA0AF54B489ECA2029 /* locales */,
				4DC0782A5EB7AE07ABE1E221 /* Packages */,
				8F695A2B717D8B462E02AA3F /* UITests */,
				50A4E55A2074DE676B6FD0A2 /* WatchApp */,
				B989E0FF1732403443F61118 /* WatchShared */,
				F109EAA44EE39C7229548A0E /* WatchWidget */,
				1C295BA6153E8118F4DBC216 /* Products */,
			);
			sourceTree = "<group>";
		};
		8F695A2B717D8B462E02AA3F /* UITests */ = {
			isa = PBXGroup;
			children = (
				6BC0DDEFF1265803A638BC83 /* PlaniniUITests.swift */,
			);
			path = UITests;
			sourceTree = "<group>";
		};
		B14EBD32319BFA7AE0B79242 /* AppShortcutsLocalization */ = {
			isa = PBXGroup;
			children = (
				9512EB31655E3ABDF90E0715 /* AppShortcuts.strings */,
			);
			path = AppShortcutsLocalization;
			sourceTree = "<group>";
		};
		B4A4AD180EDFC2830FEA7FF0 /* App */ = {
			isa = PBXGroup;
			children = (
				4978A019F11BDE53315B6469 /* AppearanceSettings.swift */,
				7D9440F383C21A058EA39C13 /* ApplePasskeyClient.swift */,
				9DEEA95181710CC9F8714BAF /* AppLocalization.swift */,
				20B83DD3FDFA519C2128AC67 /* BuildConfiguration.generated.swift */,
				53D8F0E8983062553D42950A /* MobileAppViewModel.swift */,
				976E7E216506A44F10DDD3A5 /* Planini.entitlements */,
				2403081BBCE4A9CDD0BB942C /* PlaniniApp.swift */,
				76C6A4A1B26659AAC9C30B23 /* PlaniniAppIntents.swift */,
				5BCE483AB7F4F77593152B5D /* RootView.swift */,
				42F32AEF35DE46D54986B691 /* WatchSyncCoordinator.swift */,
			);
			path = App;
			sourceTree = "<group>";
		};
		B989E0FF1732403443F61118 /* WatchShared */ = {
			isa = PBXGroup;
			children = (
				60FA6FAB5BF0777FEBF85FFD /* AppGroupSupport.swift */,
				CE6AB6DEC64D1F5BD03FCCF1 /* WatchBackendClient.swift */,
			);
			path = WatchShared;
			sourceTree = "<group>";
		};
		F109EAA44EE39C7229548A0E /* WatchWidget */ = {
			isa = PBXGroup;
			children = (
				E1FEC963E9A630C6DAF6BF6E /* PlaniniWatchWidget.swift */,
			);
			path = WatchWidget;
			sourceTree = "<group>";
		};
/* End PBXGroup section */

/* Begin PBXNativeTarget section */
		2DDAD55DE417376D7015B238 /* PlaniniUITests */ = {
			isa = PBXNativeTarget;
			buildConfigurationList = 976727001744D5A4EB94CF4C /* Build configuration list for PBXNativeTarget "PlaniniUITests" */;
			buildPhases = (
				563179647847687140EB37D1 /* Sources */,
			);
			buildRules = (
			);
			dependencies = (
				6ACFA297762113D1E4A20625 /* PBXTargetDependency */,
			);
			name = PlaniniUITests;
			packageProductDependencies = (
			);
			productName = PlaniniUITests;
			productReference = 2644EEF483834EDF9B04BFF3 /* PlaniniUITests.xctest */;
			productType = "com.apple.product-type.bundle.ui-testing";
		};
		3180F3469A0A460B5E6E607B /* PlaniniWatchWidgetExtension */ = {
			isa = PBXNativeTarget;
			buildConfigurationList = 2CEB603F564718722326988B /* Build configuration list for PBXNativeTarget "PlaniniWatchWidgetExtension" */;
			buildPhases = (
				82091FE34380E0B9F9D82433 /* Sources */,
				22FAA75A8CE0AEC19E343F45 /* Frameworks */,
			);
			buildRules = (
			);
			dependencies = (
			);
			name = PlaniniWatchWidgetExtension;
			packageProductDependencies = (
				0ADBEB713CEB7C21A34B8EC0 /* PlaniniCore */,
			);
			productName = PlaniniWatchWidgetExtension;
			productReference = C49069FE00F2CBEEBA975C11 /* PlaniniWatchWidgetExtension.appex */;
			productType = "com.apple.product-type.app-extension";
		};
		6E903985EFEC0F724E79D572 /* Planini */ = {
			isa = PBXNativeTarget;
			buildConfigurationList = 80C886823AEF477705DAD6A0 /* Build configuration list for PBXNativeTarget "Planini" */;
			buildPhases = (
				EA56E95D14F84E2E4AA8C381 /* Sources */,
				906EB4DF839B14F4B265C7ED /* Resources */,
				059AB0C3C9EE2A33700BC885 /* Frameworks */,
				F5524C92F7A58D8F6A49FFBC /* Embed Watch Content */,
			);
			buildRules = (
			);
			dependencies = (
				EE33E98BF0D6EFBFD22BA229 /* PBXTargetDependency */,
			);
			name = Planini;
			packageProductDependencies = (
				22433296D233CD7AD37572E7 /* PlaniniCore */,
			);
			productName = Planini;
			productReference = 905E5C36A0321D88D618675F /* Planini.app */;
			productType = "com.apple.product-type.application";
		};
		7A3ABE956F63693B9585D08D /* PlaniniWatchApp */ = {
			isa = PBXNativeTarget;
			buildConfigurationList = BDD29B060D3A2C6951A859AD /* Build configuration list for PBXNativeTarget "PlaniniWatchApp" */;
			buildPhases = (
				F09E2F8C027086EFC9C1247C /* Resources */,
				70D52D9AD9D8ACBC84054593 /* Embed Foundation Extensions */,
			);
			buildRules = (
			);
			dependencies = (
				574471E4ADC04E7BFA9EE1C5 /* PBXTargetDependency */,
				E4A1F268C741E46198EC5076 /* PBXTargetDependency */,
			);
			name = PlaniniWatchApp;
			packageProductDependencies = (
			);
			productName = PlaniniWatchApp;
			productReference = 37808C13EE8980C6D7EB5E3F /* PlaniniWatchApp.app */;
			productType = "com.apple.product-type.application.watchapp2";
		};
		DEBF93F3E0CDE651B6065A38 /* PlaniniWatchExtension */ = {
			isa = PBXNativeTarget;
			buildConfigurationList = BA352095C43D7004896D9EE4 /* Build configuration list for PBXNativeTarget "PlaniniWatchExtension" */;
			buildPhases = (
				673535D08171A13736FA0CBF /* Sources */,
				62966CA1C481494BCB9CA325 /* Resources */,
				E42B7C3AD47C8451A0F37E57 /* Frameworks */,
			);
			buildRules = (
			);
			dependencies = (
			);
			name = PlaniniWatchExtension;
			packageProductDependencies = (
				08CDF818F45A22289EF0AD81 /* PlaniniCore */,
			);
			productName = PlaniniWatchExtension;
			productReference = CA8DB980F61CE9F26FAD8E21 /* PlaniniWatchExtension.appex */;
			productType = "com.apple.product-type.watchkit2-extension";
		};
/* End PBXNativeTarget section */

/* Begin PBXProject section */
		9FF9DF6FAFBBE02FA76603CF /* Project object */ = {
			isa = PBXProject;
			attributes = {
				BuildIndependentTargetsInParallel = YES;
				LastUpgradeCheck = 1430;
				TargetAttributes = {
					2DDAD55DE417376D7015B238 = {
						DevelopmentTeam = VWKG94374J;
						TestTargetID = 6E903985EFEC0F724E79D572;
					};
					3180F3469A0A460B5E6E607B = {
						DevelopmentTeam = VWKG94374J;
					};
					6E903985EFEC0F724E79D572 = {
						DevelopmentTeam = VWKG94374J;
					};
					7A3ABE956F63693B9585D08D = {
						DevelopmentTeam = VWKG94374J;
					};
					DEBF93F3E0CDE651B6065A38 = {
						DevelopmentTeam = VWKG94374J;
					};
				};
			};
			buildConfigurationList = E29CC34FC46802E8F17F7E3C /* Build configuration list for PBXProject "PlaniniApp" */;
			developmentRegion = en;
			hasScannedForEncodings = 0;
			knownRegions = (
				Base,
				de,
				en,
			);
			mainGroup = 7D5A7F0DE7ED9CD9B8A2C944;
			minimizedProjectReferenceProxies = 1;
			packageReferences = (
				F8BBCA4409688F0C3CC34DDB /* XCLocalSwiftPackageReference "." */,
			);
			preferredProjectObjectVersion = 77;
			productRefGroup = 1C295BA6153E8118F4DBC216 /* Products */;
			projectDirPath = "";
			projectRoot = "";
			targets = (
				6E903985EFEC0F724E79D572 /* Planini */,
				2DDAD55DE417376D7015B238 /* PlaniniUITests */,
				7A3ABE956F63693B9585D08D /* PlaniniWatchApp */,
				DEBF93F3E0CDE651B6065A38 /* PlaniniWatchExtension */,
				3180F3469A0A460B5E6E607B /* PlaniniWatchWidgetExtension */,
			);
		};
/* End PBXProject section */

/* Begin PBXResourcesBuildPhase section */
		62966CA1C481494BCB9CA325 /* Resources */ = {
			isa = PBXResourcesBuildPhase;
			buildActionMask = 2147483647;
			files = (
				88E8657361C1AB37B5714935 /* Localizable.strings in Resources */,
			);
			runOnlyForDeploymentPostprocessing = 0;
		};
		906EB4DF839B14F4B265C7ED /* Resources */ = {
			isa = PBXResourcesBuildPhase;
			buildActionMask = 2147483647;
			files = (
				E7125FFF5A789C74DCBFFDE6 /* AppIcon.icon in Resources */,
				794A4049619ECF3AD11F3EF3 /* AppShortcuts.strings in Resources */,
				8DCFC53928E38080B5E5BD87 /* Assets.xcassets in Resources */,
				1762001ECBF396E6038B3335 /* de.json in Resources */,
				92C2FE7F0F7558D9F5827AEF /* en.json in Resources */,
			);
			runOnlyForDeploymentPostprocessing = 0;
		};
		F09E2F8C027086EFC9C1247C /* Resources */ = {
			isa = PBXResourcesBuildPhase;
			buildActionMask = 2147483647;
			files = (
				495188AEDCE06D4F6912A537 /* AppIcon.icon in Resources */,
				A779CDB8931E1EA01F2246CA /* Assets.xcassets in Resources */,
				85437EE99A15ADA6C78CBFED /* Localizable.strings in Resources */,
			);
			runOnlyForDeploymentPostprocessing = 0;
		};
/* End PBXResourcesBuildPhase section */

/* Begin PBXSourcesBuildPhase section */
		563179647847687140EB37D1 /* Sources */ = {
			isa = PBXSourcesBuildPhase;
			buildActionMask = 2147483647;
			files = (
				22ABDECD56E908533F61F12B /* PlaniniUITests.swift in Sources */,
			);
			runOnlyForDeploymentPostprocessing = 0;
		};
		673535D08171A13736FA0CBF /* Sources */ = {
			isa = PBXSourcesBuildPhase;
			buildActionMask = 2147483647;
			files = (
				1EE4C0BA89B1304ABB8EF270 /* AppGroupSupport.swift in Sources */,
				A1FA5501E23CE80CE82DA8E9 /* PlaniniWatchApp.swift in Sources */,
				5D844E1AC4837B05434646D1 /* WatchAppViewModel.swift in Sources */,
				A4E6FD246C4225C71AEC2BB5 /* WatchBackendClient.swift in Sources */,
				B9178840709BB2B133A77811 /* WatchConnectivityBridge.swift in Sources */,
				142B222D9AF4456A414702B8 /* WatchRootView.swift in Sources */,
			);
			runOnlyForDeploymentPostprocessing = 0;
		};
		82091FE34380E0B9F9D82433 /* Sources */ = {
			isa = PBXSourcesBuildPhase;
			buildActionMask = 2147483647;
			files = (
				2AA655CFC7545A958443A348 /* AppGroupSupport.swift in Sources */,
				4E1F9A68D9324BA591514A9C /* PlaniniWatchWidget.swift in Sources */,
				291ACD3C50DB72E04C89694B /* WatchBackendClient.swift in Sources */,
			);
			runOnlyForDeploymentPostprocessing = 0;
		};
		EA56E95D14F84E2E4AA8C381 /* Sources */ = {
			isa = PBXSourcesBuildPhase;
			buildActionMask = 2147483647;
			files = (
				5E09D5479AB378CFC658DF40 /* AppLocalization.swift in Sources */,
				CAD0D61C08D5E9E772F22CE9 /* AppearanceSettings.swift in Sources */,
				D5800F3309DEA622AA24ADC4 /* ApplePasskeyClient.swift in Sources */,
				F3A245BA428BCA7DD2FECEEF /* BuildConfiguration.generated.swift in Sources */,
				AC5D4AD62F388A35CB4ACC27 /* MobileAppViewModel.swift in Sources */,
				AC437810451B5D89D3EAF270 /* PlaniniApp.swift in Sources */,
				E5C536B66A3D79943044C922 /* PlaniniAppIntents.swift in Sources */,
				CFC80BB6E33B0D9C72BA73C5 /* RootView.swift in Sources */,
				AF4FF1CC688E882E6C9A324F /* WatchSyncCoordinator.swift in Sources */,
			);
			runOnlyForDeploymentPostprocessing = 0;
		};
/* End PBXSourcesBuildPhase section */

/* Begin PBXTargetDependency section */
		574471E4ADC04E7BFA9EE1C5 /* PBXTargetDependency */ = {
			isa = PBXTargetDependency;
			target = DEBF93F3E0CDE651B6065A38 /* PlaniniWatchExtension */;
			targetProxy = 641CBB70FC5504315C0C70FC /* PBXContainerItemProxy */;
		};
		6ACFA297762113D1E4A20625 /* PBXTargetDependency */ = {
			isa = PBXTargetDependency;
			target = 6E903985EFEC0F724E79D572 /* Planini */;
			targetProxy = 6DD656E39CCAF70201514095 /* PBXContainerItemProxy */;
		};
		E4A1F268C741E46198EC5076 /* PBXTargetDependency */ = {
			isa = PBXTargetDependency;
			target = 3180F3469A0A460B5E6E607B /* PlaniniWatchWidgetExtension */;
			targetProxy = 5C42F0D9C2EC5F4BB2CE1F1E /* PBXContainerItemProxy */;
		};
		EE33E98BF0D6EFBFD22BA229 /* PBXTargetDependency */ = {
			isa = PBXTargetDependency;
			target = 7A3ABE956F63693B9585D08D /* PlaniniWatchApp */;
			targetProxy = DDE0FEF1CBEC44411C925E9A /* PBXContainerItemProxy */;
		};
/* End PBXTargetDependency section */

/* Begin PBXVariantGroup section */
		17D969652DA1487FA75B16E8 /* Localizable.strings */ = {
			isa = PBXVariantGroup;
			children = (
				E2A3999D044DFBCC8032549E /* de */,
				95ECE248E237E840CC324098 /* en */,
			);
			name = Localizable.strings;
			sourceTree = "<group>";
		};
		9512EB31655E3ABDF90E0715 /* AppShortcuts.strings */ = {
			isa = PBXVariantGroup;
			children = (
				3EDD8BF59675073E03E96FCC /* de */,
				92C2FF42500720B8603C5958 /* en */,
			);
			name = AppShortcuts.strings;
			sourceTree = "<group>";
		};
/* End PBXVariantGroup section */

/* Begin XCBuildConfiguration section */
		00F94A4B57F8AB5A513BF5A1 /* Release */ = {
			isa = XCBuildConfiguration;
			buildSettings = {
				ASSETCATALOG_COMPILER_APPICON_NAME = AppIcon;
				CODE_SIGN_ENTITLEMENTS = App/Planini.entitlements;
				CODE_SIGN_IDENTITY = "iPhone Developer";
				CURRENT_PROJECT_VERSION = 1;
				DEVELOPMENT_TEAM = VWKG94374J;
				GENERATE_INFOPLIST_FILE = YES;
				INFOPLIST_KEY_CFBundleDisplayName = Planini;
				INFOPLIST_KEY_CFBundleIconName = AppIcon;
				INFOPLIST_KEY_ITSAppUsesNonExemptEncryption = NO;
				INFOPLIST_KEY_LSApplicationCategoryType = "public.app-category.food-and-drink";
				INFOPLIST_KEY_PlaniniBackendBaseURL = "https://planini.top";
				INFOPLIST_KEY_UIApplicationSceneManifest_Generation = YES;
				INFOPLIST_KEY_UILaunchScreen_Generation = YES;
				INFOPLIST_KEY_UISupportedInterfaceOrientations_iPad = "UIInterfaceOrientationPortrait UIInterfaceOrientationPortraitUpsideDown UIInterfaceOrientationLandscapeLeft UIInterfaceOrientationLandscapeRight";
				INFOPLIST_KEY_UISupportedInterfaceOrientations_iPhone = "UIInterfaceOrientationPortrait UIInterfaceOrientationLandscapeLeft UIInterfaceOrientationLandscapeRight";
				IPHONEOS_DEPLOYMENT_TARGET = 16.0;
				LD_RUNPATH_SEARCH_PATHS = (
					"$(inherited)",
					"@executable_path/Frameworks",
				);
				MARKETING_VERSION = 0.1.0;
				PRODUCT_BUNDLE_IDENTIFIER = de.malaber.planini;
				PRODUCT_NAME = Planini;
				PROVISIONING_PROFILE_SPECIFIER = "$(PLANINI_APP_PROFILE_NAME)";
				SDKROOT = iphoneos;
				SUPPORTS_MACCATALYST = NO;
				SWIFT_VERSION = 5.1;
				TARGETED_DEVICE_FAMILY = "1,2";
			};
			name = Release;
		};
		666952E80CDC9A00E7E87BEE /* Release */ = {
			isa = XCBuildConfiguration;
			buildSettings = {
				ASSETCATALOG_COMPILER_COMPLICATION_NAME = Complication;
				CODE_SIGN_ENTITLEMENTS = WatchApp/PlaniniWatch.entitlements;
				CURRENT_PROJECT_VERSION = 1;
				DEVELOPMENT_TEAM = VWKG94374J;
				GENERATE_INFOPLIST_FILE = NO;
				INFOPLIST_FILE = WatchApp/ExtensionInfo.plist;
				LD_RUNPATH_SEARCH_PATHS = (
					"$(inherited)",
					"@executable_path/Frameworks",
					"@executable_path/../../Frameworks",
				);
				MARKETING_VERSION = 0.1.0;
				PRODUCT_BUNDLE_IDENTIFIER = de.malaber.planini.watchkitapp.watchkitextension;
				PRODUCT_NAME = "Planini Watch Extension";
				PROVISIONING_PROFILE_SPECIFIER = "$(PLANINI_WATCH_EXTENSION_PROFILE_NAME)";
				SDKROOT = watchos;
				SKIP_INSTALL = YES;
				SWIFT_VERSION = 5.1;
				TARGETED_DEVICE_FAMILY = 4;
				WATCHOS_DEPLOYMENT_TARGET = 10.0;
			};
			name = Release;
		};
		67342ED705990D32A1DF3B01 /* Debug */ = {
			isa = XCBuildConfiguration;
			buildSettings = {
				BUNDLE_LOADER = "$(TEST_HOST)";
				DEVELOPMENT_TEAM = VWKG94374J;
				GENERATE_INFOPLIST_FILE = YES;
				IPHONEOS_DEPLOYMENT_TARGET = 16.0;
				LD_RUNPATH_SEARCH_PATHS = (
					"$(inherited)",
					"@executable_path/Frameworks",
					"@loader_path/Frameworks",
				);
				PRODUCT_BUNDLE_IDENTIFIER = "de.malaber.planini.ui-tests";
				PRODUCT_NAME = PlaniniUITests;
				SDKROOT = iphoneos;
				SWIFT_VERSION = 5.1;
				TARGETED_DEVICE_FAMILY = "1,2";
				TEST_TARGET_NAME = Planini;
			};
			name = Debug;
		};
		7EE54156B303AE0493B378AD /* Release */ = {
			isa = XCBuildConfiguration;
			buildSettings = {
				BUNDLE_LOADER = "$(TEST_HOST)";
				DEVELOPMENT_TEAM = VWKG94374J;
				GENERATE_INFOPLIST_FILE = YES;
				IPHONEOS_DEPLOYMENT_TARGET = 16.0;
				LD_RUNPATH_SEARCH_PATHS = (
					"$(inherited)",
					"@executable_path/Frameworks",
					"@loader_path/Frameworks",
				);
				PRODUCT_BUNDLE_IDENTIFIER = "de.malaber.planini.ui-tests";
				PRODUCT_NAME = PlaniniUITests;
				SDKROOT = iphoneos;
				SWIFT_VERSION = 5.1;
				TARGETED_DEVICE_FAMILY = "1,2";
				TEST_TARGET_NAME = Planini;
			};
			name = Release;
		};
		802CEC0D12846389D4795CCA /* Debug */ = {
			isa = XCBuildConfiguration;
			buildSettings = {
				ASSETCATALOG_COMPILER_COMPLICATION_NAME = Complication;
				CODE_SIGN_ENTITLEMENTS = WatchApp/PlaniniWatch.entitlements;
				CURRENT_PROJECT_VERSION = 1;
				DEVELOPMENT_TEAM = VWKG94374J;
				GENERATE_INFOPLIST_FILE = NO;
				INFOPLIST_FILE = WatchApp/ExtensionInfo.plist;
				LD_RUNPATH_SEARCH_PATHS = (
					"$(inherited)",
					"@executable_path/Frameworks",
					"@executable_path/../../Frameworks",
				);
				MARKETING_VERSION = 0.1.0;
				PRODUCT_BUNDLE_IDENTIFIER = de.malaber.planini.watchkitapp.watchkitextension;
				PRODUCT_NAME = "Planini Watch Extension";
				PROVISIONING_PROFILE_SPECIFIER = "$(PLANINI_WATCH_EXTENSION_PROFILE_NAME)";
				SDKROOT = watchos;
				SKIP_INSTALL = YES;
				SWIFT_VERSION = 5.1;
				TARGETED_DEVICE_FAMILY = 4;
				WATCHOS_DEPLOYMENT_TARGET = 10.0;
			};
			name = Debug;
		};
		8057F0678CCF455979FB826E /* Debug */ = {
			isa = XCBuildConfiguration;
			buildSettings = {
				CODE_SIGN_ENTITLEMENTS = WatchWidget/PlaniniWatchWidget.entitlements;
				CURRENT_PROJECT_VERSION = 1;
				DEVELOPMENT_TEAM = VWKG94374J;
				GENERATE_INFOPLIST_FILE = NO;
				INFOPLIST_FILE = WatchWidget/Info.plist;
				LD_RUNPATH_SEARCH_PATHS = (
					"$(inherited)",
					"@executable_path/Frameworks",
					"@executable_path/../../Frameworks",
				);
				MARKETING_VERSION = 0.1.0;
				PRODUCT_BUNDLE_IDENTIFIER = de.malaber.planini.watchkitapp.widget;
				PRODUCT_NAME = "Planini Watch Widgets";
				PROVISIONING_PROFILE_SPECIFIER = "$(PLANINI_WATCH_WIDGET_PROFILE_NAME)";
				SDKROOT = watchos;
				SKIP_INSTALL = YES;
				SWIFT_VERSION = 5.1;
				TARGETED_DEVICE_FAMILY = 4;
				WATCHOS_DEPLOYMENT_TARGET = 10.0;
			};
			name = Debug;
		};
		8ABA39EF496DB222046FCF4C /* Release */ = {
			isa = XCBuildConfiguration;
			buildSettings = {
				ASSETCATALOG_COMPILER_APPICON_NAME = AppIcon;
				CURRENT_PROJECT_VERSION = 1;
				DEVELOPMENT_TEAM = VWKG94374J;
				GENERATE_INFOPLIST_FILE = NO;
				INFOPLIST_FILE = WatchApp/Info.plist;
				MARKETING_VERSION = 0.1.0;
				PRODUCT_BUNDLE_IDENTIFIER = de.malaber.planini.watchkitapp;
				PRODUCT_NAME = "Planini Watch";
				PROVISIONING_PROFILE_SPECIFIER = "$(PLANINI_WATCH_APP_PROFILE_NAME)";
				SDKROOT = watchos;
				SKIP_INSTALL = YES;
				SWIFT_VERSION = 5.1;
				TARGETED_DEVICE_FAMILY = 4;
				WATCHOS_DEPLOYMENT_TARGET = 10.0;
			};
			name = Release;
		};
		8FE77F6DB273405075AFDAD6 /* Release */ = {
			isa = XCBuildConfiguration;
			buildSettings = {
				ALWAYS_SEARCH_USER_PATHS = NO;
				CLANG_ANALYZER_NONNULL = YES;
				CLANG_ANALYZER_NUMBER_OBJECT_CONVERSION = YES_AGGRESSIVE;
				CLANG_CXX_LANGUAGE_STANDARD = "gnu++14";
				CLANG_CXX_LIBRARY = "libc++";
				CLANG_ENABLE_MODULES = YES;
				CLANG_ENABLE_OBJC_ARC = YES;
				CLANG_ENABLE_OBJC_WEAK = YES;
				CLANG_WARN_BLOCK_CAPTURE_AUTORELEASING = YES;
				CLANG_WARN_BOOL_CONVERSION = YES;
				CLANG_WARN_COMMA = YES;
				CLANG_WARN_CONSTANT_CONVERSION = YES;
				CLANG_WARN_DEPRECATED_OBJC_IMPLEMENTATIONS = YES;
				CLANG_WARN_DIRECT_OBJC_ISA_USAGE = YES_ERROR;
				CLANG_WARN_DOCUMENTATION_COMMENTS = YES;
				CLANG_WARN_EMPTY_BODY = YES;
				CLANG_WARN_ENUM_CONVERSION = YES;
				CLANG_WARN_INFINITE_RECURSION = YES;
				CLANG_WARN_INT_CONVERSION = YES;
				CLANG_WARN_NON_LITERAL_NULL_CONVERSION = YES;
				CLANG_WARN_OBJC_IMPLICIT_RETAIN_SELF = YES;
				CLANG_WARN_OBJC_LITERAL_CONVERSION = YES;
				CLANG_WARN_OBJC_ROOT_CLASS = YES_ERROR;
				CLANG_WARN_QUOTED_INCLUDE_IN_FRAMEWORK_HEADER = YES;
				CLANG_WARN_RANGE_LOOP_ANALYSIS = YES;
				CLANG_WARN_STRICT_PROTOTYPES = YES;
				CLANG_WARN_SUSPICIOUS_MOVE = YES;
				CLANG_WARN_UNGUARDED_AVAILABILITY = YES_AGGRESSIVE;
				CLANG_WARN_UNREACHABLE_CODE = YES;
				CLANG_WARN__DUPLICATE_METHOD_MATCH = YES;
				COPY_PHASE_STRIP = NO;
				DEBUG_INFORMATION_FORMAT = "dwarf-with-dsym";
				ENABLE_NS_ASSERTIONS = NO;
				ENABLE_STRICT_OBJC_MSGSEND = YES;
				GCC_C_LANGUAGE_STANDARD = gnu11;
				GCC_NO_COMMON_BLOCKS = YES;
				GCC_WARN_64_TO_32_BIT_CONVERSION = YES;
				GCC_WARN_ABOUT_RETURN_TYPE = YES_ERROR;
				GCC_WARN_UNDECLARED_SELECTOR = YES;
				GCC_WARN_UNINITIALIZED_AUTOS = YES_AGGRESSIVE;
				GCC_WARN_UNUSED_FUNCTION = YES;
				GCC_WARN_UNUSED_VARIABLE = YES;
				MTL_ENABLE_DEBUG_INFO = NO;
				MTL_FAST_MATH = YES;
				PRODUCT_NAME = "$(TARGET_NAME)";
				SWIFT_COMPILATION_MODE = wholemodule;
				SWIFT_OPTIMIZATION_LEVEL = "-O";
				SWIFT_VERSION = 5.0;
			};
			name = Release;
		};
		9A2806174FBF8E7571A36C66 /* Debug */ = {
			isa = XCBuildConfiguration;
			buildSettings = {
				ASSETCATALOG_COMPILER_APPICON_NAME = AppIcon;
				CODE_SIGN_ENTITLEMENTS = App/Planini.entitlements;
				CODE_SIGN_IDENTITY = "iPhone Developer";
				CURRENT_PROJECT_VERSION = 1;
				DEVELOPMENT_TEAM = VWKG94374J;
				GENERATE_INFOPLIST_FILE = YES;
				INFOPLIST_KEY_CFBundleDisplayName = Planini;
				INFOPLIST_KEY_CFBundleIconName = AppIcon;
				INFOPLIST_KEY_ITSAppUsesNonExemptEncryption = NO;
				INFOPLIST_KEY_LSApplicationCategoryType = "public.app-category.food-and-drink";
				INFOPLIST_KEY_PlaniniBackendBaseURL = "https://planini.top";
				INFOPLIST_KEY_UIApplicationSceneManifest_Generation = YES;
				INFOPLIST_KEY_UILaunchScreen_Generation = YES;
				INFOPLIST_KEY_UISupportedInterfaceOrientations_iPad = "UIInterfaceOrientationPortrait UIInterfaceOrientationPortraitUpsideDown UIInterfaceOrientationLandscapeLeft UIInterfaceOrientationLandscapeRight";
				INFOPLIST_KEY_UISupportedInterfaceOrientations_iPhone = "UIInterfaceOrientationPortrait UIInterfaceOrientationLandscapeLeft UIInterfaceOrientationLandscapeRight";
				IPHONEOS_DEPLOYMENT_TARGET = 16.0;
				LD_RUNPATH_SEARCH_PATHS = (
					"$(inherited)",
					"@executable_path/Frameworks",
				);
				MARKETING_VERSION = 0.1.0;
				PRODUCT_BUNDLE_IDENTIFIER = de.malaber.planini;
				PRODUCT_NAME = Planini;
				PROVISIONING_PROFILE_SPECIFIER = "$(PLANINI_APP_PROFILE_NAME)";
				SDKROOT = iphoneos;
				SUPPORTS_MACCATALYST = NO;
				SWIFT_VERSION = 5.1;
				TARGETED_DEVICE_FAMILY = "1,2";
			};
			name = Debug;
		};
		D392B6FC688D0E77920F600E /* Release */ = {
			isa = XCBuildConfiguration;
			buildSettings = {
				CODE_SIGN_ENTITLEMENTS = WatchWidget/PlaniniWatchWidget.entitlements;
				CURRENT_PROJECT_VERSION = 1;
				DEVELOPMENT_TEAM = VWKG94374J;
				GENERATE_INFOPLIST_FILE = NO;
				INFOPLIST_FILE = WatchWidget/Info.plist;
				LD_RUNPATH_SEARCH_PATHS = (
					"$(inherited)",
					"@executable_path/Frameworks",
					"@executable_path/../../Frameworks",
				);
				MARKETING_VERSION = 0.1.0;
				PRODUCT_BUNDLE_IDENTIFIER = de.malaber.planini.watchkitapp.widget;
				PRODUCT_NAME = "Planini Watch Widgets";
				PROVISIONING_PROFILE_SPECIFIER = "$(PLANINI_WATCH_WIDGET_PROFILE_NAME)";
				SDKROOT = watchos;
				SKIP_INSTALL = YES;
				SWIFT_VERSION = 5.1;
				TARGETED_DEVICE_FAMILY = 4;
				WATCHOS_DEPLOYMENT_TARGET = 10.0;
			};
			name = Release;
		};
		DB3F2CED30F825E5C58F8273 /* Debug */ = {
			isa = XCBuildConfiguration;
			buildSettings = {
				ASSETCATALOG_COMPILER_APPICON_NAME = AppIcon;
				CURRENT_PROJECT_VERSION = 1;
				DEVELOPMENT_TEAM = VWKG94374J;
				GENERATE_INFOPLIST_FILE = NO;
				INFOPLIST_FILE = WatchApp/Info.plist;
				MARKETING_VERSION = 0.1.0;
				PRODUCT_BUNDLE_IDENTIFIER = de.malaber.planini.watchkitapp;
				PRODUCT_NAME = "Planini Watch";
				PROVISIONING_PROFILE_SPECIFIER = "$(PLANINI_WATCH_APP_PROFILE_NAME)";
				SDKROOT = watchos;
				SKIP_INSTALL = YES;
				SWIFT_VERSION = 5.1;
				TARGETED_DEVICE_FAMILY = 4;
				WATCHOS_DEPLOYMENT_TARGET = 10.0;
			};
			name = Debug;
		};
		DF02FE9F5E6D09FB28D978AF /* Debug */ = {
			isa = XCBuildConfiguration;
			buildSettings = {
				ALWAYS_SEARCH_USER_PATHS = NO;
				CLANG_ANALYZER_NONNULL = YES;
				CLANG_ANALYZER_NUMBER_OBJECT_CONVERSION = YES_AGGRESSIVE;
				CLANG_CXX_LANGUAGE_STANDARD = "gnu++14";
				CLANG_CXX_LIBRARY = "libc++";
				CLANG_ENABLE_MODULES = YES;
				CLANG_ENABLE_OBJC_ARC = YES;
				CLANG_ENABLE_OBJC_WEAK = YES;
				CLANG_WARN_BLOCK_CAPTURE_AUTORELEASING = YES;
				CLANG_WARN_BOOL_CONVERSION = YES;
				CLANG_WARN_COMMA = YES;
				CLANG_WARN_CONSTANT_CONVERSION = YES;
				CLANG_WARN_DEPRECATED_OBJC_IMPLEMENTATIONS = YES;
				CLANG_WARN_DIRECT_OBJC_ISA_USAGE = YES_ERROR;
				CLANG_WARN_DOCUMENTATION_COMMENTS = YES;
				CLANG_WARN_EMPTY_BODY = YES;
				CLANG_WARN_ENUM_CONVERSION = YES;
				CLANG_WARN_INFINITE_RECURSION = YES;
				CLANG_WARN_INT_CONVERSION = YES;
				CLANG_WARN_NON_LITERAL_NULL_CONVERSION = YES;
				CLANG_WARN_OBJC_IMPLICIT_RETAIN_SELF = YES;
				CLANG_WARN_OBJC_LITERAL_CONVERSION = YES;
				CLANG_WARN_OBJC_ROOT_CLASS = YES_ERROR;
				CLANG_WARN_QUOTED_INCLUDE_IN_FRAMEWORK_HEADER = YES;
				CLANG_WARN_RANGE_LOOP_ANALYSIS = YES;
				CLANG_WARN_STRICT_PROTOTYPES = YES;
				CLANG_WARN_SUSPICIOUS_MOVE = YES;
				CLANG_WARN_UNGUARDED_AVAILABILITY = YES_AGGRESSIVE;
				CLANG_WARN_UNREACHABLE_CODE = YES;
				CLANG_WARN__DUPLICATE_METHOD_MATCH = YES;
				COPY_PHASE_STRIP = NO;
				DEBUG_INFORMATION_FORMAT = dwarf;
				ENABLE_STRICT_OBJC_MSGSEND = YES;
				ENABLE_TESTABILITY = YES;
				GCC_C_LANGUAGE_STANDARD = gnu11;
				GCC_DYNAMIC_NO_PIC = NO;
				GCC_NO_COMMON_BLOCKS = YES;
				GCC_OPTIMIZATION_LEVEL = 0;
				GCC_PREPROCESSOR_DEFINITIONS = (
					"$(inherited)",
					"DEBUG=1",
				);
				GCC_WARN_64_TO_32_BIT_CONVERSION = YES;
				GCC_WARN_ABOUT_RETURN_TYPE = YES_ERROR;
				GCC_WARN_UNDECLARED_SELECTOR = YES;
				GCC_WARN_UNINITIALIZED_AUTOS = YES_AGGRESSIVE;
				GCC_WARN_UNUSED_FUNCTION = YES;
				GCC_WARN_UNUSED_VARIABLE = YES;
				MTL_ENABLE_DEBUG_INFO = INCLUDE_SOURCE;
				MTL_FAST_MATH = YES;
				ONLY_ACTIVE_ARCH = YES;
				PRODUCT_NAME = "$(TARGET_NAME)";
				SWIFT_ACTIVE_COMPILATION_CONDITIONS = DEBUG;
				SWIFT_OPTIMIZATION_LEVEL = "-Onone";
				SWIFT_VERSION = 5.0;
			};
			name = Debug;
		};
/* End XCBuildConfiguration section */

/* Begin XCConfigurationList section */
		2CEB603F564718722326988B /* Build configuration list for PBXNativeTarget "PlaniniWatchWidgetExtension" */ = {
			isa = XCConfigurationList;
			buildConfigurations = (
				8057F0678CCF455979FB826E /* Debug */,
				D392B6FC688D0E77920F600E /* Release */,
			);
			defaultConfigurationIsVisible = 0;
			defaultConfigurationName = Debug;
		};
		80C886823AEF477705DAD6A0 /* Build configuration list for PBXNativeTarget "Planini" */ = {
			isa = XCConfigurationList;
			buildConfigurations = (
				9A2806174FBF8E7571A36C66 /* Debug */,
				00F94A4B57F8AB5A513BF5A1 /* Release */,
			);
			defaultConfigurationIsVisible = 0;
			defaultConfigurationName = Debug;
		};
		976727001744D5A4EB94CF4C /* Build configuration list for PBXNativeTarget "PlaniniUITests" */ = {
			isa = XCConfigurationList;
			buildConfigurations = (
				67342ED705990D32A1DF3B01 /* Debug */,
				7EE54156B303AE0493B378AD /* Release */,
			);
			defaultConfigurationIsVisible = 0;
			defaultConfigurationName = Debug;
		};
		BA352095C43D7004896D9EE4 /* Build configuration list for PBXNativeTarget "PlaniniWatchExtension" */ = {
			isa = XCConfigurationList;
			buildConfigurations = (
				802CEC0D12846389D4795CCA /* Debug */,
				666952E80CDC9A00E7E87BEE /* Release */,
			);
			defaultConfigurationIsVisible = 0;
			defaultConfigurationName = Debug;
		};
		BDD29B060D3A2C6951A859AD /* Build configuration list for PBXNativeTarget "PlaniniWatchApp" */ = {
			isa = XCConfigurationList;
			buildConfigurations = (
				DB3F2CED30F825E5C58F8273 /* Debug */,
				8ABA39EF496DB222046FCF4C /* Release */,
			);
			defaultConfigurationIsVisible = 0;
			defaultConfigurationName = Debug;
		};
		E29CC34FC46802E8F17F7E3C /* Build configuration list for PBXProject "PlaniniApp" */ = {
			isa = XCConfigurationList;
			buildConfigurations = (
				DF02FE9F5E6D09FB28D978AF /* Debug */,
				8FE77F6DB273405075AFDAD6 /* Release */,
			);
			defaultConfigurationIsVisible = 0;
			defaultConfigurationName = Debug;
		};
/* End XCConfigurationList section */

/* Begin XCLocalSwiftPackageReference section */
		F8BBCA4409688F0C3CC34DDB /* XCLocalSwiftPackageReference "." */ = {
			isa = XCLocalSwiftPackageReference;
			relativePath = .;
		};
/* End XCLocalSwiftPackageReference section */

/* Begin XCSwiftPackageProductDependency section */
		08CDF818F45A22289EF0AD81 /* PlaniniCore */ = {
			isa = XCSwiftPackageProductDependency;
			productName = PlaniniCore;
		};
		0ADBEB713CEB7C21A34B8EC0 /* PlaniniCore */ = {
			isa = XCSwiftPackageProductDependency;
			productName = PlaniniCore;
		};
		22433296D233CD7AD37572E7 /* PlaniniCore */ = {
			isa = XCSwiftPackageProductDependency;
			productName = PlaniniCore;
		};
/* End XCSwiftPackageProductDependency section */
	};
	rootObject = 9FF9DF6FAFBBE02FA76603CF /* Project object */;
}
